// !$*UTF8*$!
{
	archiveVersion = 1;
	classes = {
	};
	objectVersion = 77;
	objects = {

/* Begin PBXContainerItemProxy section */
		A093D2032E5FF568001BD3CA /* PBXContainerItemProxy */ = {
			isa = PBXContainerItemProxy;
			containerPortal = A093D1ED2E5FF567001BD3CA /* Project object */;
			proxyType = 1;
			remoteGlobalIDString = A093D1F42E5FF567001BD3CA;
			remoteInfo = BnbTV;
		};
		A093D20D2E5FF568001BD3CA /* PBXContainerItemProxy */ = {
			isa = PBXContainerItemProxy;
			containerPortal = A093D1ED2E5FF567001BD3CA /* Project object */;
			proxyType = 1;
			remoteGlobalIDString = A093D1F42E5FF567001BD3CA;
			remoteInfo = BnbTV;
		};
/* End PBXContainerItemProxy section */

/* Begin PBXFileReference section */
		A093D1F52E5FF567001BD3CA /* BnbTV.app */ = {isa = PBXFileReference; explicitFileType = wrapper.application; includeInIndex = 0; path = BnbTV.app; sourceTree = BUILT_PRODUCTS_DIR; };
		A093D2022E5FF568001BD3CA /* BnbTVTests.xctest */ = {isa = PBXFileReference; explicitFileType = wrapper.cfbundle; includeInIndex = 0; path = BnbTVTests.xctest; sourceTree = BUILT_PRODUCTS_DIR; };
		A093D20C2E5FF568001BD3CA /* BnbTVUITests.xctest */ = {isa = PBXFileReference; explicitFileType = wrapper.cfbundle; includeInIndex = 0; path = BnbTVUITests.xctest; sourceTree = BUILT_PRODUCTS_DIR; };
/* End PBXFileReference section */

/* Begin PBXFileSystemSynchronizedBuildFileExceptionSet section */
		A093D2602E604E1B001BD3CA /* Exceptions for "BnbTV" folder in "BnbTVTests" target */ = {
			isa = PBXFileSystemSynchronizedBuildFileExceptionSet;
			membershipExceptions = (
				photos/back1.png,
				photos/beach.mp4,
				photos/beach2.mov,
				photos/beach3.mov,
				photos/Music1.mp3,
				photos/Music2.mp3,
				photos/TVback.png,
			);
			target = A093D2012E5FF568001BD3CA /* BnbTVTests */;
		};
		A093D2612E604E1B001BD3CA /* Exceptions for "BnbTV" folder in "BnbTVUITests" target */ = {
			isa = PBXFileSystemSynchronizedBuildFileExceptionSet;
			membershipExceptions = (
				photos/back1.png,
				photos/beach.mp4,
				photos/beach2.mov,
				photos/beach3.mov,
				photos/Music1.mp3,
				photos/Music2.mp3,
				photos/TVback.png,
			);
			target = A093D20B2E5FF568001BD3CA /* BnbTVUITests */;
		};
/* End PBXFileSystemSynchronizedBuildFileExceptionSet section */

/* Begin PBXFileSystemSynchronizedRootGroup section */
		A093D1F72E5FF567001BD3CA /* BnbTV */ = {
			isa = PBXFileSystemSynchronizedRootGroup;
			exceptions = (
				A093D2602E604E1B001BD3CA /* Exceptions for "BnbTV" folder in "BnbTVTests" target */,
				A093D2612E604E1B001BD3CA /* Exceptions for "BnbTV" folder in "BnbTVUITests" target */,
			);
			path = BnbTV;
			sourceTree = "<group>";
		};
		A093D2052E5FF568001BD3CA /* BnbTVTests */ = {
			isa = PBXFileSystemSynchronizedRootGroup;
			path = BnbTVTests;
			sourceTree = "<group>";
		};
		A093D20F2E5FF568001BD3CA /* BnbTVUITests */ = {
			isa = PBXFileSystemSynchronizedRootGroup;
			path = BnbTVUITests;
			sourceTree = "<group>";
		};
/* End PBXFileSystemSynchronizedRootGroup section */

/* Begin PBXFrameworksBuildPhase section */
		A093D1F22E5FF567001BD3CA /* Frameworks */ = {
			isa = PBXFrameworksBuildPhase;
			buildActionMask = 2147483647;
			files = (
			);
			runOnlyForDeploymentPostprocessing = 0;
		};
		A093D1FF2E5FF568001BD3CA /* Frameworks */ = {
			isa = PBXFrameworksBuildPhase;
			buildActionMask = 2147483647;
			files = (
			);
			runOnlyForDeploymentPostprocessing = 0;
		};
		A093D2092E5FF568001BD3CA /* Frameworks */ = {
			isa = PBXFrameworksBuildPhase;
			buildActionMask = 2147483647;
			files = (
			);
			runOnlyForDeploymentPostprocessing = 0;
		};
/* End PBXFrameworksBuildPhase section */

/* Begin PBXGroup section */
		A093D1EC2E5FF567001BD3CA = {
			isa = PBXGroup;
			children = (
				A093D1F72E5FF567001BD3CA /* BnbTV */,
				A093D2052E5FF568001BD3CA /* BnbTVTests */,
				A093D20F2E5FF568001BD3CA /* BnbTVUITests */,
				A093D1F62E5FF567001BD3CA /* Products */,
			);
			sourceTree = "<group>";
		};
		A093D1F62E5FF567001BD3CA /* Products */ = {
			isa = PBXGroup;
			children = (
				A093D1F52E5FF567001BD3CA /* BnbTV.app */,
				A093D2022E5FF568001BD3CA /* BnbTVTests.xctest */,
				A093D20C2E5FF568001BD3CA /* BnbTVUITests.xctest */,
			);
			name = Products;
			sourceTree = "<group>";
		};
/* End PBXGroup section */

/* Begin PBXNativeTarget section */
		A093D1F42E5FF567001BD3CA /* BnbTV */ = {
			isa = PBXNativeTarget;
			buildConfigurationList = A093D2162E5FF568001BD3CA /* Build configuration list for PBXNativeTarget "BnbTV" */;
			buildPhases = (
				A093D1F12E5FF567001BD3CA /* Sources */,
				A093D1F22E5FF567001BD3CA /* Frameworks */,
				A093D1F32E5FF567001BD3CA /* Resources */,
			);
			buildRules = (
			);
			dependencies = (
			);
			fileSystemSynchronizedGroups = (
				A093D1F72E5FF567001BD3CA /* BnbTV */,
			);
			name = BnbTV;
			packageProductDependencies = (
			);
			productName = BnbTV;
			productReference = A093D1F52E5FF567001BD3CA /* BnbTV.app */;
			productType = "com.apple.product-type.application";
		};
		A093D2012E5FF568001BD3CA /* BnbTVTests */ = {
			isa = PBXNativeTarget;
			buildConfigurationList = A093D2192E5FF568001BD3CA /* Build configuration list for PBXNativeTarget "BnbTVTests" */;
			buildPhases = (
				A093D1FE2E5FF568001BD3CA /* Sources */,
				A093D1FF2E5FF568001BD3CA /* Frameworks */,
				A093D2002E5FF568001BD3CA /* Resources */,
			);
			buildRules = (
			);
			dependencies = (
				A093D2042E5FF568001BD3CA /* PBXTargetDependency */,
			);
			fileSystemSynchronizedGroups = (
				A093D2052E5FF568001BD3CA /* BnbTVTests */,
			);
			name = BnbTVTests;
			packageProductDependencies = (
			);
			productName = BnbTVTests;
			productReference = A093D2022E5FF568001BD3CA /* BnbTVTests.xctest */;
			productType = "com.apple.product-type.bundle.unit-test";
		};
		A093D20B2E5FF568001BD3CA /* BnbTVUITests */ = {
			isa = PBXNativeTarget;
			buildConfigurationList = A093D21C2E5FF568001BD3CA /* Build configuration list for PBXNativeTarget "BnbTVUITests" */;
			buildPhases = (
				A093D2082E5FF568001BD3CA /* Sources */,
				A093D2092E5FF568001BD3CA /* Frameworks */,
				A093D20A2E5FF568001BD3CA /* Resources */,
			);
			buildRules = (
			);
			dependencies = (
				A093D20E2E5FF568001BD3CA /* PBXTargetDependency */,
			);
			fileSystemSynchronizedGroups = (
				A093D20F2E5FF568001BD3CA /* BnbTVUITests */,
			);
			name = BnbTVUITests;
			packageProductDependencies = (
			);
			productName = BnbTVUITests;
			productReference = A093D20C2E5FF568001BD3CA /* BnbTVUITests.xctest */;
			productType = "com.apple.product-type.bundle.ui-testing";
		};
/* End PBXNativeTarget section */

/* Begin PBXProject section */
		A093D1ED2E5FF567001BD3CA /* Project object */ = {
			isa = PBXProject;
			attributes = {
				BuildIndependentTargetsInParallel = 1;
				LastSwiftUpdateCheck = 1630;
				LastUpgradeCheck = 1630;
				TargetAttributes = {
					A093D1F42E5FF567001BD3CA = {
						CreatedOnToolsVersion = 16.3;
					};
					A093D2012E5FF568001BD3CA = {
						CreatedOnToolsVersion = 16.3;
						TestTargetID = A093D1F42E5FF567001BD3CA;
					};
					A093D20B2E5FF568001BD3CA = {
						CreatedOnToolsVersion = 16.3;
						TestTargetID = A093D1F42E5FF567001BD3CA;
					};
				};
			};
			buildConfigurationList = A093D1F02E5FF567001BD3CA /* Build configuration list for PBXProject "BnbTV" */;
			developmentRegion = en;
			hasScannedForEncodings = 0;
			knownRegions = (
				en,
				Base,
			);
			mainGroup = A093D1EC2E5FF567001BD3CA;
			minimizedProjectReferenceProxies = 1;
			preferredProjectObjectVersion = 77;
			productRefGroup = A093D1F62E5FF567001BD3CA /* Products */;
			projectDirPath = "";
			projectRoot = "";
			targets = (
				A093D1F42E5FF567001BD3CA /* BnbTV */,
				A093D2012E5FF568001BD3CA /* BnbTVTests */,
				A093D20B2E5FF568001BD3CA /* BnbTVUITests */,
			);
		};
/* End PBXProject section */

/* Begin PBXResourcesBuildPhase section */
		A093D1F32E5FF567001BD3CA /* Resources */ = {
			isa = PBXResourcesBuildPhase;
			buildActionMask = 2147483647;
			files = (
			);
			runOnlyForDeploymentPostprocessing = 0;
		};
		A093D2002E5FF568001BD3CA /* Resources */ = {
			isa = PBXResourcesBuildPhase;
			buildActionMask = 2147483647;
			files = (
			);
			runOnlyForDeploymentPostprocessing = 0;
		};
		A093D20A2E5FF568001BD3CA /* Resources */ = {
			isa = PBXResourcesBuildPhase;
			buildActionMask = 2147483647;
			files = (
			);
			runOnlyForDeploymentPostprocessing = 0;
		};
/* End PBXResourcesBuildPhase section */

/* Begin PBXSourcesBuildPhase section */
		A093D1F12E5FF567001BD3CA /* Sources */ = {
			isa = PBXSourcesBuildPhase;
			buildActionMask = 2147483647;
			files = (
			);
			runOnlyForDeploymentPostprocessing = 0;
		};
		A093D1FE2E5FF568001BD3CA /* Sources */ = {
			isa = PBXSourcesBuildPhase;
			buildActionMask = 2147483647;
			files = (
			);
			runOnlyForDeploymentPostprocessing = 0;
		};
		A093D2082E5FF568001BD3CA /* Sources */ = {
			isa = PBXSourcesBuildPhase;
			buildActionMask = 2147483647;
			files = (
			);
			runOnlyForDeploymentPostprocessing = 0;
		};
/* End PBXSourcesBuildPhase section */

/* Begin PBXTargetDependency section */
		A093D2042E5FF568001BD3CA /* PBXTargetDependency */ = {
			isa = PBXTargetDependency;
			target = A093D1F42E5FF567001BD3CA /* BnbTV */;
			targetProxy = A093D2032E5FF568001BD3CA /* PBXContainerItemProxy */;
		};
		A093D20E2E5FF568001BD3CA /* PBXTargetDependency */ = {
			isa = PBXTargetDependency;
			target = A093D1F42E5FF567001BD3CA /* BnbTV */;
			targetProxy = A093D20D2E5FF568001BD3CA /* PBXContainerItemProxy */;
		};
/* End PBXTargetDependency section */

/* Begin XCBuildConfiguration section */
		A093D2142E5FF568001BD3CA /* Debug */ = {
			isa = XCBuildConfiguration;
			buildSettings = {
				ALWAYS_SEARCH_USER_PATHS = NO;
				ASSETCATALOG_COMPILER_GENERATE_SWIFT_ASSET_SYMBOL_EXTENSIONS = YES;
				CLANG_ANALYZER_NONNULL = YES;
				CLANG_ANALYZER_NUMBER_OBJECT_CONVERSION = YES_AGGRESSIVE;
				CLANG_CXX_LANGUAGE_STANDARD = "gnu++20";
				CLANG_ENABLE_MODULES = YES;
				CLANG_ENABLE_OBJC_ARC = YES;
				CLANG_ENABLE_OBJC_WEAK = YES;
				CLANG_WARN_BLOCK_CAPTURE_AUTORELEASING = YES;
				CLANG_WARN_BOOL_CONVERSION = YES;
				CLANG_WARN_COMMA = YES;
				CLANG_WARN_CONSTANT_CONVERSION = YES;
				CLANG_WARN_DEPRECATED_OBJC_IMPLEMENTATIONS = YES;
				CLANG_WARN_DIRECT_OBJC_ISA_USAGE = YES_ERROR;
				CLANG_WARN_DOCUMENTATION_COMMENTS = YES;
				CLANG_WARN_EMPTY_BODY = YES;
				CLANG_WARN_ENUM_CONVERSION = YES;
				CLANG_WARN_INFINITE_RECURSION = YES;
				CLANG_WARN_INT_CONVERSION = YES;
				CLANG_WARN_NON_LITERAL_NULL_CONVERSION = YES;
				CLANG_WARN_OBJC_IMPLICIT_RETAIN_SELF = YES;
				CLANG_WARN_OBJC_LITERAL_CONVERSION = YES;
				CLANG_WARN_OBJC_ROOT_CLASS = YES_ERROR;
				CLANG_WARN_QUOTED_INCLUDE_IN_FRAMEWORK_HEADER = YES;
				CLANG_WARN_RANGE_LOOP_ANALYSIS = YES;
				CLANG_WARN_STRICT_PROTOTYPES = YES;
				CLANG_WARN_SUSPICIOUS_MOVE = YES;
				CLANG_WARN_UNGUARDED_AVAILABILITY = YES_AGGRESSIVE;
				CLANG_WARN_UNREACHABLE_CODE = YES;
				CLANG_WARN__DUPLICATE_METHOD_MATCH = YES;
				COPY_PHASE_STRIP = NO;
				DEBUG_INFORMATION_FORMAT = dwarf;
				DEVELOPMENT_TEAM = KAJSQ5ZH42;
				ENABLE_STRICT_OBJC_MSGSEND = YES;
				ENABLE_TESTABILITY = YES;
				ENABLE_USER_SCRIPT_SANDBOXING = YES;
				GCC_C_LANGUAGE_STANDARD = gnu17;
				GCC_DYNAMIC_NO_PIC = NO;
				GCC_NO_COMMON_BLOCKS = YES;
				GCC_OPTIMIZATION_LEVEL = 0;
				GCC_PREPROCESSOR_DEFINITIONS = (
					"DEBUG=1",
					"$(inherited)",
				);
				GCC_WARN_64_TO_32_BIT_CONVERSION = YES;
				GCC_WARN_ABOUT_RETURN_TYPE = YES_ERROR;
				GCC_WARN_UNDECLARED_SELECTOR = YES;
				GCC_WARN_UNINITIALIZED_AUTOS = YES_AGGRESSIVE;
				GCC_WARN_UNUSED_FUNCTION = YES;
				GCC_WARN_UNUSED_VARIABLE = YES;
				LOCALIZATION_PREFERS_STRING_CATALOGS = YES;
				MTL_ENABLE_DEBUG_INFO = INCLUDE_SOURCE;
				MTL_FAST_MATH = YES;
				ONLY_ACTIVE_ARCH = YES;
				SDKROOT = appletvos;
				SWIFT_ACTIVE_COMPILATION_CONDITIONS = "DEBUG $(inherited)";
				SWIFT_OPTIMIZATION_LEVEL = "-Onone";
				TVOS_DEPLOYMENT_TARGET = 18.4;
			};
			name = Debug;
		};
		A093D2152E5FF568001BD3CA /* Release */ = {
			isa = XCBuildConfiguration;
			buildSettings = {
				ALWAYS_SEARCH_USER_PATHS = NO;
				ASSETCATALOG_COMPILER_GENERATE_SWIFT_ASSET_SYMBOL_EXTENSIONS = YES;
				CLANG_ANALYZER_NONNULL = YES;
				CLANG_ANALYZER_NUMBER_OBJECT_CONVERSION = YES_AGGRESSIVE;
				CLANG_CXX_LANGUAGE_STANDARD = "gnu++20";
				CLANG_ENABLE_MODULES = YES;
				CLANG_ENABLE_OBJC_ARC = YES;
				CLANG_ENABLE_OBJC_WEAK = YES;
				CLANG_WARN_BLOCK_CAPTURE_AUTORELEASING = YES;
				CLANG_WARN_BOOL_CONVERSION = YES;
				CLANG_WARN_COMMA = YES;
				CLANG_WARN_CONSTANT_CONVERSION = YES;
				CLANG_WARN_DEPRECATED_OBJC_IMPLEMENTATIONS = YES;
				CLANG_WARN_DIRECT_OBJC_ISA_USAGE = YES_ERROR;
				CLANG_WARN_DOCUMENTATION_COMMENTS = YES;
				CLANG_WARN_EMPTY_BODY = YES;
				CLANG_WARN_ENUM_CONVERSION = YES;
				CLANG_WARN_INFINITE_RECURSION = YES;
				CLANG_WARN_INT_CONVERSION = YES;
				CLANG_WARN_NON_LITERAL_NULL_CONVERSION = YES;
				CLANG_WARN_OBJC_IMPLICIT_RETAIN_SELF = YES;
				CLANG_WARN_OBJC_LITERAL_CONVERSION = YES;
				CLANG_WARN_OBJC_ROOT_CLASS = YES_ERROR;
				CLANG_WARN_QUOTED_INCLUDE_IN_FRAMEWORK_HEADER = YES;
				CLANG_WARN_RANGE_LOOP_ANALYSIS = YES;
				CLANG_WARN_STRICT_PROTOTYPES = YES;
				CLANG_WARN_SUSPICIOUS_MOVE = YES;
				CLANG_WARN_UNGUARDED_AVAILABILITY = YES_AGGRESSIVE;
				CLANG_WARN_UNREACHABLE_CODE = YES;
				CLANG_WARN__DUPLICATE_METHOD_MATCH = YES;
				COPY_PHASE_STRIP = NO;
				DEBUG_INFORMATION_FORMAT = "dwarf-with-dsym";
				DEVELOPMENT_TEAM = KAJSQ5ZH42;
				ENABLE_NS_ASSERTIONS = NO;
				ENABLE_STRICT_OBJC_MSGSEND = YES;
				ENABLE_USER_SCRIPT_SANDBOXING = YES;
				GCC_C_LANGUAGE_STANDARD = gnu17;
				GCC_NO_COMMON_BLOCKS = YES;
				GCC_WARN_64_TO_32_BIT_CONVERSION = YES;
				GCC_WARN_ABOUT_RETURN_TYPE = YES_ERROR;
				GCC_WARN_UNDECLARED_SELECTOR = YES;
				GCC_WARN_UNINITIALIZED_AUTOS = YES_AGGRESSIVE;
				GCC_WARN_UNUSED_FUNCTION = YES;
				GCC_WARN_UNUSED_VARIABLE = YES;
				LOCALIZATION_PREFERS_STRING_CATALOGS = YES;
				MTL_ENABLE_DEBUG_INFO = NO;
				MTL_FAST_MATH = YES;
				SDKROOT = appletvos;
				SWIFT_COMPILATION_MODE = wholemodule;
				TVOS_DEPLOYMENT_TARGET = 18.4;
				VALIDATE_PRODUCT = YES;
			};
			name = Release;
		};
		A093D2172E5FF568001BD3CA /* Debug */ = {
			isa = XCBuildConfiguration;
			buildSettings = {
				ASSETCATALOG_COMPILER_APPICON_NAME = "App Icon & Top Shelf Image";
				ASSETCATALOG_COMPILER_GLOBAL_ACCENT_COLOR_NAME = AccentColor;
				CODE_SIGN_STYLE = Automatic;
				CURRENT_PROJECT_VERSION = 1;
				DEVELOPMENT_TEAM = KAJSQ5ZH42;
				ENABLE_PREVIEWS = YES;
				GENERATE_INFOPLIST_FILE = YES;
				INFOPLIST_KEY_UILaunchScreen_Generation = YES;
				INFOPLIST_KEY_UIUserInterfaceStyle = Automatic;
				LD_RUNPATH_SEARCH_PATHS = (
					"$(inherited)",
					"@executable_path/Frameworks",
				);
				MARKETING_VERSION = 1.0;
				PRODUCT_BUNDLE_IDENTIFIER = com.paynebrain.BnbTV;
				PRODUCT_NAME = "$(TARGET_NAME)";
				SWIFT_EMIT_LOC_STRINGS = YES;
				SWIFT_VERSION = 5.0;
				TARGETED_DEVICE_FAMILY = 3;
			};
			name = Debug;
		};
		A093D2182E5FF568001BD3CA /* Release */ = {
			isa = XCBuildConfiguration;
			buildSettings = {
				ASSETCATALOG_COMPILER_APPICON_NAME = "App Icon & Top Shelf Image";
				ASSETCATALOG_COMPILER_GLOBAL_ACCENT_COLOR_NAME = AccentColor;
				CODE_SIGN_STYLE = Automatic;
				CURRENT_PROJECT_VERSION = 1;
				DEVELOPMENT_TEAM = KAJSQ5ZH42;
				ENABLE_PREVIEWS = YES;
				GENERATE_INFOPLIST_FILE = YES;
				INFOPLIST_KEY_UILaunchScreen_Generation = YES;
				INFOPLIST_KEY_UIUserInterfaceStyle = Automatic;
				LD_RUNPATH_SEARCH_PATHS = (
					"$(inherited)",
					"@executable_path/Frameworks",
				);
				MARKETING_VERSION = 1.0;
				PRODUCT_BUNDLE_IDENTIFIER = com.paynebrain.BnbTV;
				PRODUCT_NAME = "$(TARGET_NAME)";
				SWIFT_EMIT_LOC_STRINGS = YES;
				SWIFT_VERSION = 5.0;
				TARGETED_DEVICE_FAMILY = 3;
			};
			name = Release;
		};
		A093D21A2E5FF568001BD3CA /* Debug */ = {
			isa = XCBuildConfiguration;
			buildSettings = {
				BUNDLE_LOADER = "$(TEST_HOST)";
				CODE_SIGN_STYLE = Automatic;
				CURRENT_PROJECT_VERSION = 1;
				DEVELOPMENT_TEAM = KAJSQ5ZH42;
				GENERATE_INFOPLIST_FILE = YES;
				MARKETING_VERSION = 1.0;
				PRODUCT_BUNDLE_IDENTIFIER = com.paynebrain.BnbTVTests;
				PRODUCT_NAME = "$(TARGET_NAME)";
				SWIFT_EMIT_LOC_STRINGS = NO;
				SWIFT_VERSION = 5.0;
				TARGETED_DEVICE_FAMILY = 3;
				TEST_HOST = "$(BUILT_PRODUCTS_DIR)/BnbTV.app/$(BUNDLE_EXECUTABLE_FOLDER_PATH)/BnbTV";
				TVOS_DEPLOYMENT_TARGET = 18.4;
			};
			name = Debug;
		};
		A093D21B2E5FF568001BD3CA /* Release */ = {
			isa = XCBuildConfiguration;
			buildSettings = {
				BUNDLE_LOADER = "$(TEST_HOST)";
				CODE_SIGN_STYLE = Automatic;
				CURRENT_PROJECT_VERSION = 1;
				DEVELOPMENT_TEAM = KAJSQ5ZH42;
				GENERATE_INFOPLIST_FILE = YES;
				MARKETING_VERSION = 1.0;
				PRODUCT_BUNDLE_IDENTIFIER = com.paynebrain.BnbTVTests;
				PRODUCT_NAME = "$(TARGET_NAME)";
				SWIFT_EMIT_LOC_STRINGS = NO;
				SWIFT_VERSION = 5.0;
				TARGETED_DEVICE_FAMILY = 3;
				TEST_HOST = "$(BUILT_PRODUCTS_DIR)/BnbTV.app/$(BUNDLE_EXECUTABLE_FOLDER_PATH)/BnbTV";
				TVOS_DEPLOYMENT_TARGET = 18.4;
			};
			name = Release;
		};
		A093D21D2E5FF568001BD3CA /* Debug */ = {
			isa = XCBuildConfiguration;
			buildSettings = {
				CODE_SIGN_STYLE = Automatic;
				CURRENT_PROJECT_VERSION = 1;
				DEVELOPMENT_TEAM = KAJSQ5ZH42;
				GENERATE_INFOPLIST_FILE = YES;
				MARKETING_VERSION = 1.0;
				PRODUCT_BUNDLE_IDENTIFIER = com.paynebrain.BnbTVUITests;
				PRODUCT_NAME = "$(TARGET_NAME)";
				SWIFT_EMIT_LOC_STRINGS = NO;
				SWIFT_VERSION = 5.0;
				TARGETED_DEVICE_FAMILY = 3;
				TEST_TARGET_NAME = BnbTV;
			};
			name = Debug;
		};
		A093D21E2E5FF568001BD3CA /* Release */ = {
			isa = XCBuildConfiguration;
			buildSettings = {
				CODE_SIGN_STYLE = Automatic;
				CURRENT_PROJECT_VERSION = 1;
				DEVELOPMENT_TEAM = KAJSQ5ZH42;
				GENERATE_INFOPLIST_FILE = YES;
				MARKETING_VERSION = 1.0;
				PRODUCT_BUNDLE_IDENTIFIER = com.paynebrain.BnbTVUITests;
				PRODUCT_NAME = "$(TARGET_NAME)";
				SWIFT_EMIT_LOC_STRINGS = NO;
				SWIFT_VERSION = 5.0;
				TARGETED_DEVICE_FAMILY = 3;
				TEST_TARGET_NAME = BnbTV;
			};
			name = Release;
		};
/* End XCBuildConfiguration section */

/* Begin XCConfigurationList section */
		A093D1F02E5FF567001BD3CA /* Build configuration list for PBXProject "BnbTV" */ = {
			isa = XCConfigurationList;
			buildConfigurations = (
				A093D2142E5FF568001BD3CA /* Debug */,
				A093D2152E5FF568001BD3CA /* Release */,
			);
			defaultConfigurationIsVisible = 0;
			defaultConfigurationName = Release;
		};
		A093D2162E5FF568001BD3CA /* Build configuration list for PBXNativeTarget "BnbTV" */ = {
			isa = XCConfigurationList;
			buildConfigurations = (
				A093D2172E5FF568001BD3CA /* Debug */,
				A093D2182E5FF568001BD3CA /* Release */,
			);
			defaultConfigurationIsVisible = 0;
			defaultConfigurationName = Release;
		};
		A093D2192E5FF568001BD3CA /* Build configuration list for PBXNativeTarget "BnbTVTests" */ = {
			isa = XCConfigurationList;
			buildConfigurations = (
				A093D21A2E5FF568001BD3CA /* Debug */,
				A093D21B2E5FF568001BD3CA /* Release */,
			);
			defaultConfigurationIsVisible = 0;
			defaultConfigurationName = Release;
		};
		A093D21C2E5FF568001BD3CA /* Build configuration list for PBXNativeTarget "BnbTVUITests" */ = {
			isa = XCConfigurationList;
			buildConfigurations = (
				A093D21D2E5FF568001BD3CA /* Debug */,
				A093D21E2E5FF568001BD3CA /* Release */,
			);
			defaultConfigurationIsVisible = 0;
			defaultConfigurationName = Release;
		};
/* End XCConfigurationList section */
	};
	rootObject = A093D1ED2E5FF567001BD3CA /* Project object */;
}
